
Microsoft Visual Studio Solution File, Format Version 12.00
# Visual Studio Version 16
VisualStudioVersion = 16.0.28803.202
MinimumVisualStudioVersion = 10.0.40219.1
Project("{FAE04EC0-301F-11D3-BF4B-00C04F79EFBC}") = "Asteroids.Server", "Asteroids.Server\Asteroids.Server.csproj", "{6D9943EA-633C-4658-8485-94E692BB0232}"
EndProject
Project("{FAE04EC0-301F-11D3-BF4B-00C04F79EFBC}") = "Asteroids.DesktopGL", "Asteroids.DesktopGL\Asteroids.DesktopGL.csproj", "{FFE0ECEC-DA80-4EF7-A848-5CFF32A32164}"
EndProject
Project("{FAE04EC0-301F-11D3-BF4B-00C04F79EFBC}") = "Asteroids.WindowsDX", "Asteroids.WindowsDX\Asteroids.WindowsDX.csproj", "{0EF3C99D-21A1-4025-AD32-360FC0816FFA}"
EndProject
Project("{D954291E-2A0B-460D-934E-DC6B0785DB48}") = "Asteroids.Shared", "Asteroids.Shared\Asteroids.Shared.shproj", "{A0CDBD0E-3A41-42B7-9425-A838BC2C7383}"
EndProject
Project("{2150E333-8FDC-42A3-9474-1A3956D46DE8}") = "Solution Items", "Solution Items", "{EAF1AB05-3F94-48C3-90E3-E397D0555E0F}"
	ProjectSection(SolutionItems) = preProject
		Libraries\Debug\Kadro.dll = Libraries\Debug\Kadro.dll
		Libraries\Release\Kadro.dll = Libraries\Release\Kadro.dll
		Libraries\Debug\Kadro.pdb = Libraries\Debug\Kadro.pdb
		Libraries\Release\Kadro.pdb = Libraries\Release\Kadro.pdb
		Libraries\Debug\Lidgren.Network.MultiTarget.dll = Libraries\Debug\Lidgren.Network.MultiTarget.dll
		Libraries\Release\Lidgren.Network.MultiTarget.dll = Libraries\Release\Lidgren.Network.MultiTarget.dll
		Libraries\Debug\Lidgren.Network.MultiTarget.pdb = Libraries\Debug\Lidgren.Network.MultiTarget.pdb
		Libraries\Release\Lidgren.Network.MultiTarget.pdb = Libraries\Release\Lidgren.Network.MultiTarget.pdb
		Libraries\Debug\RKDnet.dll = Libraries\Debug\RKDnet.dll
		Libraries\Release\RKDnet.dll = Libraries\Release\RKDnet.dll
		Libraries\Debug\RKDnet.pdb = Libraries\Debug\RKDnet.pdb
		Libraries\Release\RKDnet.pdb = Libraries\Release\RKDnet.pdb
	EndProjectSection
EndProject
Global
	GlobalSection(SharedMSBuildProjectFiles) = preSolution
		Asteroids.Shared\Asteroids.Shared.projitems*{0ef3c99d-21a1-4025-ad32-360fc0816ffa}*SharedItemsImports = 5
		Asteroids.Shared\Asteroids.Shared.projitems*{6d9943ea-633c-4658-8485-94e692bb0232}*SharedItemsImports = 5
		Asteroids.Shared\Asteroids.Shared.projitems*{a0cdbd0e-3a41-42b7-9425-a838bc2c7383}*SharedItemsImports = 13
		Asteroids.Shared\Asteroids.Shared.projitems*{ffe0ecec-da80-4ef7-a848-5cff32a32164}*SharedItemsImports = 5
	EndGlobalSection
	GlobalSection(SolutionConfigurationPlatforms) = preSolution
		Debug|Any CPU = Debug|Any CPU
		Debug|x86 = Debug|x86
		Release|Any CPU = Release|Any CPU
		Release|x86 = Release|x86
	EndGlobalSection
	GlobalSection(ProjectConfigurationPlatforms) = postSolution
		{6D9943EA-633C-4658-8485-94E692BB0232}.Debug|Any CPU.ActiveCfg = Debug|Any CPU
		{6D9943EA-633C-4658-8485-94E692BB0232}.Debug|Any CPU.Build.0 = Debug|Any CPU
		{6D9943EA-633C-4658-8485-94E692BB0232}.Debug|x86.ActiveCfg = Debug|Any CPU
		{6D9943EA-633C-4658-8485-94E692BB0232}.Debug|x86.Build.0 = Debug|Any CPU
		{6D9943EA-633C-4658-8485-94E692BB0232}.Release|Any CPU.ActiveCfg = Release|Any CPU
		{6D9943EA-633C-4658-8485-94E692BB0232}.Release|Any CPU.Build.0 = Release|Any CPU
		{6D9943EA-633C-4658-8485-94E692BB0232}.Release|x86.ActiveCfg = Release|Any CPU
		{6D9943EA-633C-4658-8485-94E692BB0232}.Release|x86.Build.0 = Release|Any CPU
		{FFE0ECEC-DA80-4EF7-A848-5CFF32A32164}.Debug|Any CPU.ActiveCfg = Debug|Any CPU
		{FFE0ECEC-DA80-4EF7-A848-5CFF32A32164}.Debug|Any CPU.Build.0 = Debug|Any CPU
		{FFE0ECEC-DA80-4EF7-A848-5CFF32A32164}.Debug|x86.ActiveCfg = Debug|Any CPU
		{FFE0ECEC-DA80-4EF7-A848-5CFF32A32164}.Debug|x86.Build.0 = Debug|Any CPU
		{FFE0ECEC-DA80-4EF7-A848-5CFF32A32164}.Release|Any CPU.ActiveCfg = Release|Any CPU
		{FFE0ECEC-DA80-4EF7-A848-5CFF32A32164}.Release|Any CPU.Build.0 = Release|Any CPU
		{FFE0ECEC-DA80-4EF7-A848-5CFF32A32164}.Release|x86.ActiveCfg = Release|Any CPU
		{FFE0ECEC-DA80-4EF7-A848-5CFF32A32164}.Release|x86.Build.0 = Release|Any CPU
		{0EF3C99D-21A1-4025-AD32-360FC0816FFA}.Debug|Any CPU.ActiveCfg = Debug|Any CPU
		{0EF3C99D-21A1-4025-AD32-360FC0816FFA}.Debug|Any CPU.Build.0 = Debug|Any CPU
		{0EF3C99D-21A1-4025-AD32-360FC0816FFA}.Debug|x86.ActiveCfg = Debug|x86
		{0EF3C99D-21A1-4025-AD32-360FC0816FFA}.Debug|x86.Build.0 = Debug|x86
		{0EF3C99D-21A1-4025-AD32-360FC0816FFA}.Release|Any CPU.ActiveCfg = Release|Any CPU
		{0EF3C99D-21A1-4025-AD32-360FC0816FFA}.Release|Any CPU.Build.0 = Release|Any CPU
		{0EF3C99D-21A1-4025-AD32-360FC0816FFA}.Release|x86.ActiveCfg = Release|x86
		{0EF3C99D-21A1-4025-AD32-360FC0816FFA}.Release|x86.Build.0 = Release|x86
	EndGlobalSection
	GlobalSection(SolutionProperties) = preSolution
		HideSolutionNode = FALSE
	EndGlobalSection
	GlobalSection(ExtensibilityGlobals) = postSolution
		SolutionGuid = {D1BB646F-DD18-426A-A943-CEE8CDB5AD9B}
	EndGlobalSection
EndGlobal
